// !$*UTF8*$!
{
	archiveVersion = 1;
	classes = {
	};
	objectVersion = 56;
	objects = {

/* Begin PBXBuildFile section */
		0E4F9FC32928F35F00173878 /* VideoView.swift in Sources */ = {isa = PBXBuildFile; fileRef = 0E4F9FC22928F35F00173878 /* VideoView.swift */; };
		0E4F9FC62928FB6C00173878 /* PostsView.swift in Sources */ = {isa = PBXBuildFile; fileRef = 0E4F9FC52928FB6C00173878 /* PostsView.swift */; };
		0E4F9FC82929613900173878 /* NovaLaunchScreen.storyboard in Resources */ = {isa = PBXBuildFile; fileRef = 0E4F9FC72929613900173878 /* NovaLaunchScreen.storyboard */; };
		0E4F9FCC292967F500173878 /* ImagesView.swift in Sources */ = {isa = PBXBuildFile; fileRef = 0E4F9FCB292967F500173878 /* ImagesView.swift */; };
		0E4F9FCF292969CE00173878 /* Kingfisher in Frameworks */ = {isa = PBXBuildFile; productRef = 0E4F9FCE292969CE00173878 /* Kingfisher */; };
		0E4F9FD12929824F00173878 /* WebView.swift in Sources */ = {isa = PBXBuildFile; fileRef = 0E4F9FD02929824F00173878 /* WebView.swift */; };
		0EF6C5972924ED6500D9F2FF /* NovaApp.swift in Sources */ = {isa = PBXBuildFile; fileRef = 0EF6C5962924ED6500D9F2FF /* NovaApp.swift */; };
		0EF6C59B2924ED6700D9F2FF /* Assets.xcassets in Resources */ = {isa = PBXBuildFile; fileRef = 0EF6C59A2924ED6700D9F2FF /* Assets.xcassets */; };
		0EF6C59E2924ED6700D9F2FF /* Preview Assets.xcassets in Resources */ = {isa = PBXBuildFile; fileRef = 0EF6C59D2924ED6700D9F2FF /* Preview Assets.xcassets */; };
		0EF6C5A92924F34600D9F2FF /* Model.swift in Sources */ = {isa = PBXBuildFile; fileRef = 0EF6C5A82924F34600D9F2FF /* Model.swift */; };
		0EF6C5B12925689600D9F2FF /* mainView.swift in Sources */ = {isa = PBXBuildFile; fileRef = 0EF6C5B02925689600D9F2FF /* mainView.swift */; };
		0EF6C5B329256B4C00D9F2FF /* searchView.swift in Sources */ = {isa = PBXBuildFile; fileRef = 0EF6C5B229256B4C00D9F2FF /* searchView.swift */; };
		0EF6C5B529256B5900D9F2FF /* profileView.swift in Sources */ = {isa = PBXBuildFile; fileRef = 0EF6C5B429256B5900D9F2FF /* profileView.swift */; };
		0EF6C5B729257B2C00D9F2FF /* API.swift in Sources */ = {isa = PBXBuildFile; fileRef = 0EF6C5B629257B2C00D9F2FF /* API.swift */; };
		0EF6C5B92926ECAD00D9F2FF /* ListModel.swift in Sources */ = {isa = PBXBuildFile; fileRef = 0EF6C5B82926ECAD00D9F2FF /* ListModel.swift */; };
/* End PBXBuildFile section */

/* Begin PBXFileReference section */
		0E4F9FC22928F35F00173878 /* VideoView.swift */ = {isa = PBXFileReference; lastKnownFileType = sourcecode.swift; path = VideoView.swift; sourceTree = "<group>"; };
		0E4F9FC52928FB6C00173878 /* PostsView.swift */ = {isa = PBXFileReference; lastKnownFileType = sourcecode.swift; path = PostsView.swift; sourceTree = "<group>"; };
		0E4F9FC72929613900173878 /* NovaLaunchScreen.storyboard */ = {isa = PBXFileReference; lastKnownFileType = file.storyboard; path = NovaLaunchScreen.storyboard; sourceTree = "<group>"; };
		0E4F9FCB292967F500173878 /* ImagesView.swift */ = {isa = PBXFileReference; lastKnownFileType = sourcecode.swift; path = ImagesView.swift; sourceTree = "<group>"; };
		0E4F9FD02929824F00173878 /* WebView.swift */ = {isa = PBXFileReference; lastKnownFileType = sourcecode.swift; path = WebView.swift; sourceTree = "<group>"; };
		0EF6C5932924ED6500D9F2FF /* Nova.app */ = {isa = PBXFileReference; explicitFileType = wrapper.application; includeInIndex = 0; path = Nova.app; sourceTree = BUILT_PRODUCTS_DIR; };
		0EF6C5962924ED6500D9F2FF /* NovaApp.swift */ = {isa = PBXFileReference; lastKnownFileType = sourcecode.swift; path = NovaApp.swift; sourceTree = "<group>"; };
		0EF6C59A2924ED6700D9F2FF /* Assets.xcassets */ = {isa = PBXFileReference; lastKnownFileType = folder.assetcatalog; path = Assets.xcassets; sourceTree = "<group>"; };
		0EF6C59D2924ED6700D9F2FF /* Preview Assets.xcassets */ = {isa = PBXFileReference; lastKnownFileType = folder.assetcatalog; path = "Preview Assets.xcassets"; sourceTree = "<group>"; };
		0EF6C5A82924F34600D9F2FF /* Model.swift */ = {isa = PBXFileReference; lastKnownFileType = sourcecode.swift; path = Model.swift; sourceTree = "<group>"; };
		0EF6C5B02925689600D9F2FF /* mainView.swift */ = {isa = PBXFileReference; lastKnownFileType = sourcecode.swift; path = mainView.swift; sourceTree = "<group>"; };
		0EF6C5B229256B4C00D9F2FF /* searchView.swift */ = {isa = PBXFileReference; lastKnownFileType = sourcecode.swift; path = searchView.swift; sourceTree = "<group>"; };
		0EF6C5B429256B5900D9F2FF /* profileView.swift */ = {isa = PBXFileReference; lastKnownFileType = sourcecode.swift; path = profileView.swift; sourceTree = "<group>"; };
		0EF6C5B629257B2C00D9F2FF /* API.swift */ = {isa = PBXFileReference; lastKnownFileType = sourcecode.swift; path = API.swift; sourceTree = "<group>"; };
		0EF6C5B82926ECAD00D9F2FF /* ListModel.swift */ = {isa = PBXFileReference; lastKnownFileType = sourcecode.swift; path = ListModel.swift; sourceTree = "<group>"; };
/* End PBXFileReference section */

/* Begin PBXFrameworksBuildPhase section */
		0EF6C5902924ED6500D9F2FF /* Frameworks */ = {
			isa = PBXFrameworksBuildPhase;
			buildActionMask = 2147483647;
			files = (
				0E4F9FCF292969CE00173878 /* Kingfisher in Frameworks */,
			);
			runOnlyForDeploymentPostprocessing = 0;
		};
/* End PBXFrameworksBuildPhase section */

/* Begin PBXGroup section */
		0E4F9FC12928F35300173878 /* Media */ = {
			isa = PBXGroup;
			children = (
				0E4F9FC22928F35F00173878 /* VideoView.swift */,
				0E4F9FCB292967F500173878 /* ImagesView.swift */,
				0E4F9FD02929824F00173878 /* WebView.swift */,
			);
			path = Media;
			sourceTree = "<group>";
		};
		0E4F9FC42928FB4C00173878 /* Posts */ = {
			isa = PBXGroup;
			children = (
				0E4F9FC52928FB6C00173878 /* PostsView.swift */,
			);
			path = Posts;
			sourceTree = "<group>";
		};
		0EF6C58A2924ED6500D9F2FF = {
			isa = PBXGroup;
			children = (
				0EF6C5952924ED6500D9F2FF /* Nova */,
				0EF6C5942924ED6500D9F2FF /* Products */,
			);
			sourceTree = "<group>";
		};
		0EF6C5942924ED6500D9F2FF /* Products */ = {
			isa = PBXGroup;
			children = (
				0EF6C5932924ED6500D9F2FF /* Nova.app */,
			);
			name = Products;
			sourceTree = "<group>";
		};
		0EF6C5952924ED6500D9F2FF /* Nova */ = {
			isa = PBXGroup;
			children = (
				0EF6C5AF2925688800D9F2FF /* Views */,
				0EF6C5962924ED6500D9F2FF /* NovaApp.swift */,
				0EF6C59A2924ED6700D9F2FF /* Assets.xcassets */,
				0EF6C59C2924ED6700D9F2FF /* Preview Content */,
				0EF6C5AE2925015700D9F2FF /* Model */,
				0EF6C5AC2924FF2200D9F2FF /* Network */,
				0E4F9FC72929613900173878 /* NovaLaunchScreen.storyboard */,
			);
			path = Nova;
			sourceTree = "<group>";
		};
		0EF6C59C2924ED6700D9F2FF /* Preview Content */ = {
			isa = PBXGroup;
			children = (
				0EF6C59D2924ED6700D9F2FF /* Preview Assets.xcassets */,
			);
			path = "Preview Content";
			sourceTree = "<group>";
		};
		0EF6C5AC2924FF2200D9F2FF /* Network */ = {
			isa = PBXGroup;
			children = (
				0EF6C5B629257B2C00D9F2FF /* API.swift */,
			);
			path = Network;
			sourceTree = "<group>";
		};
		0EF6C5AE2925015700D9F2FF /* Model */ = {
			isa = PBXGroup;
			children = (
				0EF6C5A82924F34600D9F2FF /* Model.swift */,
				0EF6C5B82926ECAD00D9F2FF /* ListModel.swift */,
			);
			path = Model;
			sourceTree = "<group>";
		};
		0EF6C5AF2925688800D9F2FF /* Views */ = {
			isa = PBXGroup;
			children = (
				0E4F9FC42928FB4C00173878 /* Posts */,
				0EF6C5B02925689600D9F2FF /* mainView.swift */,
				0E4F9FC12928F35300173878 /* Media */,
				0EF6C5B229256B4C00D9F2FF /* searchView.swift */,
				0EF6C5B429256B5900D9F2FF /* profileView.swift */,
			);
			path = Views;
			sourceTree = "<group>";
		};
/* End PBXGroup section */

/* Begin PBXNativeTarget section */
		0EF6C5922924ED6500D9F2FF /* Nova */ = {
			isa = PBXNativeTarget;
			buildConfigurationList = 0EF6C5A12924ED6700D9F2FF /* Build configuration list for PBXNativeTarget "Nova" */;
			buildPhases = (
				0EF6C58F2924ED6500D9F2FF /* Sources */,
				0EF6C5902924ED6500D9F2FF /* Frameworks */,
				0EF6C5912924ED6500D9F2FF /* Resources */,
			);
			buildRules = (
			);
			dependencies = (
			);
			name = Nova;
			packageProductDependencies = (
				0E4F9FCE292969CE00173878 /* Kingfisher */,
			);
			productName = myClient;
			productReference = 0EF6C5932924ED6500D9F2FF /* Nova.app */;
			productType = "com.apple.product-type.application";
		};
/* End PBXNativeTarget section */

/* Begin PBXProject section */
		0EF6C58B2924ED6500D9F2FF /* Project object */ = {
			isa = PBXProject;
			attributes = {
				BuildIndependentTargetsInParallel = 1;
				LastSwiftUpdateCheck = 1410;
				LastUpgradeCheck = 1410;
				TargetAttributes = {
					0EF6C5922924ED6500D9F2FF = {
						CreatedOnToolsVersion = 14.1;
					};
				};
			};
			buildConfigurationList = 0EF6C58E2924ED6500D9F2FF /* Build configuration list for PBXProject "Nova" */;
			compatibilityVersion = "Xcode 14.0";
			developmentRegion = en;
			hasScannedForEncodings = 0;
			knownRegions = (
				en,
				Base,
			);
			mainGroup = 0EF6C58A2924ED6500D9F2FF;
			packageReferences = (
				0E4F9FCD292969CE00173878 /* XCRemoteSwiftPackageReference "Kingfisher" */,
			);
			productRefGroup = 0EF6C5942924ED6500D9F2FF /* Products */;
			projectDirPath = "";
			projectRoot = "";
			targets = (
				0EF6C5922924ED6500D9F2FF /* Nova */,
			);
		};
/* End PBXProject section */

/* Begin PBXResourcesBuildPhase section */
		0EF6C5912924ED6500D9F2FF /* Resources */ = {
			isa = PBXResourcesBuildPhase;
			buildActionMask = 2147483647;
			files = (
				0EF6C59E2924ED6700D9F2FF /* Preview Assets.xcassets in Resources */,
				0E4F9FC82929613900173878 /* NovaLaunchScreen.storyboard in Resources */,
				0EF6C59B2924ED6700D9F2FF /* Assets.xcassets in Resources */,
			);
			runOnlyForDeploymentPostprocessing = 0;
		};
/* End PBXResourcesBuildPhase section */

/* Begin PBXSourcesBuildPhase section */
		0EF6C58F2924ED6500D9F2FF /* Sources */ = {
			isa = PBXSourcesBuildPhase;
			buildActionMask = 2147483647;
			files = (
				0EF6C5A92924F34600D9F2FF /* Model.swift in Sources */,
				0EF6C5B12925689600D9F2FF /* mainView.swift in Sources */,
				0E4F9FCC292967F500173878 /* ImagesView.swift in Sources */,
				0EF6C5B329256B4C00D9F2FF /* searchView.swift in Sources */,
				0EF6C5972924ED6500D9F2FF /* NovaApp.swift in Sources */,
				0EF6C5B729257B2C00D9F2FF /* API.swift in Sources */,
				0EF6C5B529256B5900D9F2FF /* profileView.swift in Sources */,
				0EF6C5B92926ECAD00D9F2FF /* ListModel.swift in Sources */,
				0E4F9FC62928FB6C00173878 /* PostsView.swift in Sources */,
				0E4F9FC32928F35F00173878 /* VideoView.swift in Sources */,
				0E4F9FD12929824F00173878 /* WebView.swift in Sources */,
			);
			runOnlyForDeploymentPostprocessing = 0;
		};
/* End PBXSourcesBuildPhase section */

/* Begin XCBuildConfiguration section */
		0EF6C59F2924ED6700D9F2FF /* Debug */ = {
			isa = XCBuildConfiguration;
			buildSettings = {
				ALWAYS_SEARCH_USER_PATHS = NO;
				CLANG_ANALYZER_NONNULL = YES;
				CLANG_ANALYZER_NUMBER_OBJECT_CONVERSION = YES_AGGRESSIVE;
				CLANG_CXX_LANGUAGE_STANDARD = "gnu++20";
				CLANG_ENABLE_MODULES = YES;
				CLANG_ENABLE_OBJC_ARC = YES;
				CLANG_ENABLE_OBJC_WEAK = YES;
				CLANG_WARN_BLOCK_CAPTURE_AUTORELEASING = YES;
				CLANG_WARN_BOOL_CONVERSION = YES;
				CLANG_WARN_COMMA = YES;
				CLANG_WARN_CONSTANT_CONVERSION = YES;
				CLANG_WARN_DEPRECATED_OBJC_IMPLEMENTATIONS = YES;
				CLANG_WARN_DIRECT_OBJC_ISA_USAGE = YES_ERROR;
				CLANG_WARN_DOCUMENTATION_COMMENTS = YES;
				CLANG_WARN_EMPTY_BODY = YES;
				CLANG_WARN_ENUM_CONVERSION = YES;
				CLANG_WARN_INFINITE_RECURSION = YES;
				CLANG_WARN_INT_CONVERSION = YES;
				CLANG_WARN_NON_LITERAL_NULL_CONVERSION = YES;
				CLANG_WARN_OBJC_IMPLICIT_RETAIN_SELF = YES;
				CLANG_WARN_OBJC_LITERAL_CONVERSION = YES;
				CLANG_WARN_OBJC_ROOT_CLASS = YES_ERROR;
				CLANG_WARN_QUOTED_INCLUDE_IN_FRAMEWORK_HEADER = YES;
				CLANG_WARN_RANGE_LOOP_ANALYSIS = YES;
				CLANG_WARN_STRICT_PROTOTYPES = YES;
				CLANG_WARN_SUSPICIOUS_MOVE = YES;
				CLANG_WARN_UNGUARDED_AVAILABILITY = YES_AGGRESSIVE;
				CLANG_WARN_UNREACHABLE_CODE = YES;
				CLANG_WARN__DUPLICATE_METHOD_MATCH = YES;
				COPY_PHASE_STRIP = NO;
				DEBUG_INFORMATION_FORMAT = dwarf;
				ENABLE_STRICT_OBJC_MSGSEND = YES;
				ENABLE_TESTABILITY = YES;
				GCC_C_LANGUAGE_STANDARD = gnu11;
				GCC_DYNAMIC_NO_PIC = NO;
				GCC_NO_COMMON_BLOCKS = YES;
				GCC_OPTIMIZATION_LEVEL = 0;
				GCC_PREPROCESSOR_DEFINITIONS = (
					"DEBUG=1",
					"$(inherited)",
				);
				GCC_WARN_64_TO_32_BIT_CONVERSION = YES;
				GCC_WARN_ABOUT_RETURN_TYPE = YES_ERROR;
				GCC_WARN_UNDECLARED_SELECTOR = YES;
				GCC_WARN_UNINITIALIZED_AUTOS = YES_AGGRESSIVE;
				GCC_WARN_UNUSED_FUNCTION = YES;
				GCC_WARN_UNUSED_VARIABLE = YES;
				IPHONEOS_DEPLOYMENT_TARGET = 16.1;
				MTL_ENABLE_DEBUG_INFO = INCLUDE_SOURCE;
				MTL_FAST_MATH = YES;
				ONLY_ACTIVE_ARCH = YES;
				SDKROOT = iphoneos;
				SWIFT_ACTIVE_COMPILATION_CONDITIONS = DEBUG;
				SWIFT_OPTIMIZATION_LEVEL = "-Onone";
			};
			name = Debug;
		};
		0EF6C5A02924ED6700D9F2FF /* Release */ = {
			isa = XCBuildConfiguration;
			buildSettings = {
				ALWAYS_SEARCH_USER_PATHS = NO;
				CLANG_ANALYZER_NONNULL = YES;
				CLANG_ANALYZER_NUMBER_OBJECT_CONVERSION = YES_AGGRESSIVE;
				CLANG_CXX_LANGUAGE_STANDARD = "gnu++20";
				CLANG_ENABLE_MODULES = YES;
				CLANG_ENABLE_OBJC_ARC = YES;
				CLANG_ENABLE_OBJC_WEAK = YES;
				CLANG_WARN_BLOCK_CAPTURE_AUTORELEASING = YES;
				CLANG_WARN_BOOL_CONVERSION = YES;
				CLANG_WARN_COMMA = YES;
				CLANG_WARN_CONSTANT_CONVERSION = YES;
				CLANG_WARN_DEPRECATED_OBJC_IMPLEMENTATIONS = YES;
				CLANG_WARN_DIRECT_OBJC_ISA_USAGE = YES_ERROR;
				CLANG_WARN_DOCUMENTATION_COMMENTS = YES;
				CLANG_WARN_EMPTY_BODY = YES;
				CLANG_WARN_ENUM_CONVERSION = YES;
				CLANG_WARN_INFINITE_RECURSION = YES;
				CLANG_WARN_INT_CONVERSION = YES;
				CLANG_WARN_NON_LITERAL_NULL_CONVERSION = YES;
				CLANG_WARN_OBJC_IMPLICIT_RETAIN_SELF = YES;
				CLANG_WARN_OBJC_LITERAL_CONVERSION = YES;
				CLANG_WARN_OBJC_ROOT_CLASS = YES_ERROR;
				CLANG_WARN_QUOTED_INCLUDE_IN_FRAMEWORK_HEADER = YES;
				CLANG_WARN_RANGE_LOOP_ANALYSIS = YES;
				CLANG_WARN_STRICT_PROTOTYPES = YES;
				CLANG_WARN_SUSPICIOUS_MOVE = YES;
				CLANG_WARN_UNGUARDED_AVAILABILITY = YES_AGGRESSIVE;
				CLANG_WARN_UNREACHABLE_CODE = YES;
				CLANG_WARN__DUPLICATE_METHOD_MATCH = YES;
				COPY_PHASE_STRIP = NO;
				DEBUG_INFORMATION_FORMAT = "dwarf-with-dsym";
				ENABLE_NS_ASSERTIONS = NO;
				ENABLE_STRICT_OBJC_MSGSEND = YES;
				GCC_C_LANGUAGE_STANDARD = gnu11;
				GCC_NO_COMMON_BLOCKS = YES;
				GCC_WARN_64_TO_32_BIT_CONVERSION = YES;
				GCC_WARN_ABOUT_RETURN_TYPE = YES_ERROR;
				GCC_WARN_UNDECLARED_SELECTOR = YES;
				GCC_WARN_UNINITIALIZED_AUTOS = YES_AGGRESSIVE;
				GCC_WARN_UNUSED_FUNCTION = YES;
				GCC_WARN_UNUSED_VARIABLE = YES;
				IPHONEOS_DEPLOYMENT_TARGET = 16.1;
				MTL_ENABLE_DEBUG_INFO = NO;
				MTL_FAST_MATH = YES;
				SDKROOT = iphoneos;
				SWIFT_COMPILATION_MODE = wholemodule;
				SWIFT_OPTIMIZATION_LEVEL = "-O";
				VALIDATE_PRODUCT = YES;
			};
			name = Release;
		};
		0EF6C5A22924ED6700D9F2FF /* Debug */ = {
			isa = XCBuildConfiguration;
			buildSettings = {
				ASSETCATALOG_COMPILER_APPICON_NAME = AppIcon;
				ASSETCATALOG_COMPILER_GLOBAL_ACCENT_COLOR_NAME = AccentColor;
				CODE_SIGN_STYLE = Automatic;
				CURRENT_PROJECT_VERSION = 1;
				DEVELOPMENT_ASSET_PATHS = "Nova/Preview\\ Content";
				DEVELOPMENT_TEAM = 2MD4NXFV5G;
				ENABLE_PREVIEWS = YES;
				GENERATE_INFOPLIST_FILE = YES;
				INFOPLIST_KEY_UIApplicationSceneManifest_Generation = YES;
				INFOPLIST_KEY_UIApplicationSupportsIndirectInputEvents = YES;
				INFOPLIST_KEY_UILaunchScreen_Generation = YES;
				INFOPLIST_KEY_UISupportedInterfaceOrientations_iPad = "UIInterfaceOrientationPortrait UIInterfaceOrientationPortraitUpsideDown UIInterfaceOrientationLandscapeLeft UIInterfaceOrientationLandscapeRight";
				INFOPLIST_KEY_UISupportedInterfaceOrientations_iPhone = "UIInterfaceOrientationPortrait UIInterfaceOrientationLandscapeLeft UIInterfaceOrientationLandscapeRight";
				LD_RUNPATH_SEARCH_PATHS = (
					"$(inherited)",
					"@executable_path/Frameworks",
				);
				MARKETING_VERSION = 1.0;
				PRODUCT_BUNDLE_IDENTIFIER = Luke.Nova;
				PRODUCT_NAME = "$(TARGET_NAME)";
				SWIFT_EMIT_LOC_STRINGS = YES;
				SWIFT_VERSION = 5.0;
				TARGETED_DEVICE_FAMILY = "1,2";
			};
			name = Debug;
		};
		0EF6C5A32924ED6700D9F2FF /* Release */ = {
			isa = XCBuildConfiguration;
			buildSettings = {
				ASSETCATALOG_COMPILER_APPICON_NAME = AppIcon;
				ASSETCATALOG_COMPILER_GLOBAL_ACCENT_COLOR_NAME = AccentColor;
				CODE_SIGN_STYLE = Automatic;
				CURRENT_PROJECT_VERSION = 1;
				DEVELOPMENT_ASSET_PATHS = "Nova/Preview\\ Content";
				DEVELOPMENT_TEAM = 2MD4NXFV5G;
				ENABLE_PREVIEWS = YES;
				GENERATE_INFOPLIST_FILE = YES;
				INFOPLIST_KEY_UIApplicationSceneManifest_Generation = YES;
				INFOPLIST_KEY_UIApplicationSupportsIndirectInputEvents = YES;
				INFOPLIST_KEY_UILaunchScreen_Generation = YES;
				INFOPLIST_KEY_UISupportedInterfaceOrientations_iPad = "UIInterfaceOrientationPortrait UIInterfaceOrientationPortraitUpsideDown UIInterfaceOrientationLandscapeLeft UIInterfaceOrientationLandscapeRight";
				INFOPLIST_KEY_UISupportedInterfaceOrientations_iPhone = "UIInterfaceOrientationPortrait UIInterfaceOrientationLandscapeLeft UIInterfaceOrientationLandscapeRight";
				LD_RUNPATH_SEARCH_PATHS = (
					"$(inherited)",
					"@executable_path/Frameworks",
				);
				MARKETING_VERSION = 1.0;
				PRODUCT_BUNDLE_IDENTIFIER = Luke.Nova;
				PRODUCT_NAME = "$(TARGET_NAME)";
				SWIFT_EMIT_LOC_STRINGS = YES;
				SWIFT_VERSION = 5.0;
				TARGETED_DEVICE_FAMILY = "1,2";
			};
			name = Release;
		};
/* End XCBuildConfiguration section */

/* Begin XCConfigurationList section */
		0EF6C58E2924ED6500D9F2FF /* Build configuration list for PBXProject "Nova" */ = {
			isa = XCConfigurationList;
			buildConfigurations = (
				0EF6C59F2924ED6700D9F2FF /* Debug */,
				0EF6C5A02924ED6700D9F2FF /* Release */,
			);
			defaultConfigurationIsVisible = 0;
			defaultConfigurationName = Release;
		};
		0EF6C5A12924ED6700D9F2FF /* Build configuration list for PBXNativeTarget "Nova" */ = {
			isa = XCConfigurationList;
			buildConfigurations = (
				0EF6C5A22924ED6700D9F2FF /* Debug */,
				0EF6C5A32924ED6700D9F2FF /* Release */,
			);
			defaultConfigurationIsVisible = 0;
			defaultConfigurationName = Release;
		};
/* End XCConfigurationList section */

/* Begin XCRemoteSwiftPackageReference section */
		0E4F9FCD292969CE00173878 /* XCRemoteSwiftPackageReference "Kingfisher" */ = {
			isa = XCRemoteSwiftPackageReference;
			repositoryURL = "https://github.com/onevcat/Kingfisher.git";
			requirement = {
				kind = upToNextMajorVersion;
				minimumVersion = 7.0.0;
			};
		};
/* End XCRemoteSwiftPackageReference section */

/* Begin XCSwiftPackageProductDependency section */
		0E4F9FCE292969CE00173878 /* Kingfisher */ = {
			isa = XCSwiftPackageProductDependency;
			package = 0E4F9FCD292969CE00173878 /* XCRemoteSwiftPackageReference "Kingfisher" */;
			productName = Kingfisher;
		};
/* End XCSwiftPackageProductDependency section */
	};
	rootObject = 0EF6C58B2924ED6500D9F2FF /* Project object */;
}
